# THIS IS AN AUTOGENERATED FILE. DO NOT EDIT THIS FILE DIRECTLY.
# yarn lockfile v1


argparse@^1.0.7:
  version "1.0.10"
  resolved "http://registry.m.jd.com/argparse/download/argparse-1.0.10.tgz#bcd6791ea5ae09725e17e5ad988134cd40b3d911"
  integrity sha1-vNZ5HqWuCXJeF+WtmIE0zUCz2RE=
  dependencies:
    sprintf-js "~1.0.2"

entities@~1.1.1:
  version "1.1.2"
  resolved "http://registry.m.jd.com/entities/download/entities-1.1.2.tgz#bdfa735299664dfafd34529ed4f8522a275fea56"
  integrity sha1-vfpzUplmTfr9NFKe1PhSKidf6lY=

linkify-it@^2.0.0:
  version "2.2.0"
  resolved "http://registry.m.jd.com/linkify-it/download/linkify-it-2.2.0.tgz#e3b54697e78bf915c70a38acd78fd09e0058b1cf"
  integrity sha1-47VGl+eL+RXHCjis14/QngBYsc8=
  dependencies:
    uc.micro "^1.0.1"

markdown-it@8.4.2:
  version "8.4.2"
  resolved "http://registry.m.jd.com/markdown-it/download/markdown-it-8.4.2.tgz#386f98998dc15a37722aa7722084f4020bdd9b54"
  integrity sha1-OG+YmY3BWjdyKqdyIIT0Agvdm1Q=
  dependencies:
    argparse "^1.0.7"
    entities "~1.1.1"
    linkify-it "^2.0.0"
    mdurl "^1.0.1"
    uc.micro "^1.0.5"

markdownlint@^0.15.0:
  version "0.15.0"
  resolved "http://registry.m.jd.com/markdownlint/download/markdownlint-0.15.0.tgz#14837354f01fe15bc06dfd5dd38247b79bd4c8f2"
  integrity sha1-FINzVPAf4VvAbf1d04JHt5vUyPI=
  dependencies:
    markdown-it "8.4.2"

mdurl@^1.0.1:
  version "1.0.1"
  resolved "http://registry.m.jd.com/mdurl/download/mdurl-1.0.1.tgz#fe85b2ec75a59037f2adfec100fd6c601761152e"
  integrity sha1-/oWy7HWlkDfyrf7BAP1sYBdhFS4=

prettier@^1.18.2:
  version "1.18.2"
  resolved "http://registry.m.jd.com/prettier/download/prettier-1.18.2.tgz#6823e7c5900017b4bd3acf46fe9ac4b4d7bda9ea"
  integrity sha1-aCPnxZAAF7S9Os9G/prEtNe9qeo=

sprintf-js@~1.0.2:
  version "1.0.3"
  resolved "http://registry.m.jd.com/sprintf-js/download/sprintf-js-1.0.3.tgz#04e6926f662895354f3dd015203633b857297e2c"
  integrity sha1-BOaSb2YolTVPPdAVIDYzuFcpfiw=

uc.micro@^1.0.1, uc.micro@^1.0.5:
  version "1.0.6"
  resolved "http://registry.m.jd.com/uc.micro/download/uc.micro-1.0.6.tgz#9c411a802a409a91fc6cf74081baba34b24499ac"
  integrity sha1-nEEagCpAmpH8bPdAgbq6NLJEmaw=
